lockfileVersion: '6.0'

settings:
  autoInstallPeers: true
  excludeLinksFromLockfile: false

importers:

  .: {}

  packages/bar:
    dependencies:
      lodash:
        specifier: '*'
        version: 4.17.15

  packages/baz:
    dependencies:
      typescript:
        specifier: '*'
        version: 3.8.3

  packages/foo:
    dependencies:
      baz:
        specifier: '*'
        version: link:../baz
      underscore:
        specifier: '*'
        version: 1.10.2

packages:

  /lodash@4.17.15:
    resolution: {integrity: sha512-8xOcRHvCjnocdS5cpwXQXVzmmh5e5+saE2QGoeQmbKmRS6J3VQppPOIt0MnmE+4xlZoumy0GPG0D0MVIQbNA1A==}
    dev: false

  /typescript@3.8.3:
    resolution: {integrity: sha512-MYlEfn5VrLNsgudQTVJeNaQFUAI7DkhnOjdpAp4T+ku1TfQClewlbSuTVHiA+8skNBgaf02TL/kLOvig4y3G8w==}
    engines: {node: '>=4.2.0'}
    hasBin: true
    dev: false

  /underscore@1.10.2:
    resolution: {integrity: sha512-N4P+Q/BuyuEKFJ43B9gYuOj4TQUHXX+j2FqguVOpjkssLUUrnJofCcBccJSCoeturDoZU6GorDTHSvUDlSQbTg==}
    dev: false
